// !$*UTF8*$!
{
	archiveVersion = 1;
	classes = {
	};
	objectVersion = 46;
	objects = {

/* Begin PBXBuildFile section */
		CFDCD92917B0060F00A23110 /* UIKit.framework in Frameworks */ = {isa = PBXBuildFile; fileRef = CFDCD92817B0060F00A23110 /* UIKit.framework */; };
		CFDCD92B17B0060F00A23110 /* Foundation.framework in Frameworks */ = {isa = PBXBuildFile; fileRef = CFDCD92A17B0060F00A23110 /* Foundation.framework */; };
		CFDCD92D17B0060F00A23110 /* CoreGraphics.framework in Frameworks */ = {isa = PBXBuildFile; fileRef = CFDCD92C17B0060F00A23110 /* CoreGraphics.framework */; };
		CFDCD93317B0060F00A23110 /* InfoPlist.strings in Resources */ = {isa = PBXBuildFile; fileRef = CFDCD93117B0060F00A23110 /* InfoPlist.strings */; };
		CFDCD93517B0060F00A23110 /* main.m in Sources */ = {isa = PBXBuildFile; fileRef = CFDCD93417B0060F00A23110 /* main.m */; };
		CFDCD93917B0060F00A23110 /* AppDelegate.m in Sources */ = {isa = PBXBuildFile; fileRef = CFDCD93817B0060F00A23110 /* AppDelegate.m */; };
		CFDCD93B17B0060F00A23110 /* Default.png in Resources */ = {isa = PBXBuildFile; fileRef = CFDCD93A17B0060F00A23110 /* Default.png */; };
		CFDCD93D17B0060F00A23110 /* Default@2x.png in Resources */ = {isa = PBXBuildFile; fileRef = CFDCD93C17B0060F00A23110 /* Default@2x.png */; };
		CFDCD93F17B0060F00A23110 /* Default-568h@2x.png in Resources */ = {isa = PBXBuildFile; fileRef = CFDCD93E17B0060F00A23110 /* Default-568h@2x.png */; };
		CFDCD94217B0060F00A23110 /* ViewController.m in Sources */ = {isa = PBXBuildFile; fileRef = CFDCD94117B0060F00A23110 /* ViewController.m */; };
		CFDCD94517B0060F00A23110 /* ViewController.xib in Resources */ = {isa = PBXBuildFile; fileRef = CFDCD94317B0060F00A23110 /* ViewController.xib */; };
/* End PBXBuildFile section */

/* Begin PBXFileReference section */
		CFDCD92517B0060F00A23110 /* Hello.app */ = {isa = PBXFileReference; explicitFileType = wrapper.application; includeInIndex = 0; path = Hello.app; sourceTree = BUILT_PRODUCTS_DIR; };
		CFDCD92817B0060F00A23110 /* UIKit.framework */ = {isa = PBXFileReference; lastKnownFileType = wrapper.framework; name = UIKit.framework; path = System/Library/Frameworks/UIKit.framework; sourceTree = SDKROOT; };
		CFDCD92A17B0060F00A23110 /* Foundation.framework */ = {isa = PBXFileReference; lastKnownFileType = wrapper.framework; name = Foundation.framework; path = System/Library/Frameworks/Foundation.framework; sourceTree = SDKROOT; };
		CFDCD92C17B0060F00A23110 /* CoreGraphics.framework */ = {isa = PBXFileReference; lastKnownFileType = wrapper.framework; name = CoreGraphics.framework; path = System/Library/Frameworks/CoreGraphics.framework; sourceTree = SDKROOT; };
		CFDCD93017B0060F00A23110 /* Hello-Info.plist */ = {isa = PBXFileReference; lastKnownFileType = text.plist.xml; path = "Hello-Info.plist"; sourceTree = "<group>"; };
		CFDCD93217B0060F00A23110 /* en */ = {isa = PBXFileReference; lastKnownFileType = text.plist.strings; name = en; path = en.lproj/InfoPlist.strings; sourceTree = "<group>"; };
		CFDCD93417B0060F00A23110 /* main.m */ = {isa = PBXFileReference; lastKnownFileType = sourcecode.c.objc; path = main.m; sourceTree = "<group>"; };
		CFDCD93617B0060F00A23110 /* Hello-Prefix.pch */ = {isa = PBXFileReference; lastKnownFileType = sourcecode.c.h; path = "Hello-Prefix.pch"; sourceTree = "<group>"; };
		CFDCD93717B0060F00A23110 /* AppDelegate.h */ = {isa = PBXFileReference; lastKnownFileType = sourcecode.c.h; path = AppDelegate.h; sourceTree = "<group>"; };
		CFDCD93817B0060F00A23110 /* AppDelegate.m */ = {isa = PBXFileReference; lastKnownFileType = sourcecode.c.objc; path = AppDelegate.m; sourceTree = "<group>"; };
		CFDCD93A17B0060F00A23110 /* Default.png */ = {isa = PBXFileReference; lastKnownFileType = image.png; path = Default.png; sourceTree = "<group>"; };
		CFDCD93C17B0060F00A23110 /* Default@2x.png */ = {isa = PBXFileReference; lastKnownFileType = image.png; path = "Default@2x.png"; sourceTree = "<group>"; };
		CFDCD93E17B0060F00A23110 /* Default-568h@2x.png */ = {isa = PBXFileReference; lastKnownFileType = image.png; path = "Default-568h@2x.png"; sourceTree = "<group>"; };
		CFDCD94017B0060F00A23110 /* ViewController.h */ = {isa = PBXFileReference; lastKnownFileType = sourcecode.c.h; path = ViewController.h; sourceTree = "<group>"; };
		CFDCD94117B0060F00A23110 /* ViewController.m */ = {isa = PBXFileReference; lastKnownFileType = sourcecode.c.objc; path = ViewController.m; sourceTree = "<group>"; };
		CFDCD94417B0060F00A23110 /* en */ = {isa = PBXFileReference; lastKnownFileType = file.xib; name = en; path = en.lproj/ViewController.xib; sourceTree = "<group>"; };
/* End PBXFileReference section */

/* Begin PBXFrameworksBuildPhase section */
		CFDCD92217B0060E00A23110 /* Frameworks */ = {
			isa = PBXFrameworksBuildPhase;
			buildActionMask = 2147483647;
			files = (
				CFDCD92917B0060F00A23110 /* UIKit.framework in Frameworks */,
				CFDCD92B17B0060F00A23110 /* Foundation.framework in Frameworks */,
				CFDCD92D17B0060F00A23110 /* CoreGraphics.framework in Frameworks */,
			);
			runOnlyForDeploymentPostprocessing = 0;
		};
/* End PBXFrameworksBuildPhase section */

/* Begin PBXGroup section */
		CFDCD91C17B0060E00A23110 = {
			isa = PBXGroup;
			children = (
				CFDCD92E17B0060F00A23110 /* Hello */,
				CFDCD92717B0060F00A23110 /* Frameworks */,
				CFDCD92617B0060F00A23110 /* Products */,
			);
			sourceTree = "<group>";
		};
		CFDCD92617B0060F00A23110 /* Products */ = {
			isa = PBXGroup;
			children = (
				CFDCD92517B0060F00A23110 /* Hello.app */,
			);
			name = Products;
			sourceTree = "<group>";
		};
		CFDCD92717B0060F00A23110 /* Frameworks */ = {
			isa = PBXGroup;
			children = (
				CFDCD92817B0060F00A23110 /* UIKit.framework */,
				CFDCD92A17B0060F00A23110 /* Foundation.framework */,
				CFDCD92C17B0060F00A23110 /* CoreGraphics.framework */,
			);
			name = Frameworks;
			sourceTree = "<group>";
		};
		CFDCD92E17B0060F00A23110 /* Hello */ = {
			isa = PBXGroup;
			children = (
				CFDCD93717B0060F00A23110 /* AppDelegate.h */,
				CFDCD93817B0060F00A23110 /* AppDelegate.m */,
				CFDCD94017B0060F00A23110 /* ViewController.h */,
				CFDCD94117B0060F00A23110 /* ViewController.m */,
				CFDCD94317B0060F00A23110 /* ViewController.xib */,
				CFDCD92F17B0060F00A23110 /* Supporting Files */,
			);
			path = Hello;
			sourceTree = "<group>";
		};
		CFDCD92F17B0060F00A23110 /* Supporting Files */ = {
			isa = PBXGroup;
			children = (
				CFDCD93017B0060F00A23110 /* Hello-Info.plist */,
				CFDCD93117B0060F00A23110 /* InfoPlist.strings */,
				CFDCD93417B0060F00A23110 /* main.m */,
				CFDCD93617B0060F00A23110 /* Hello-Prefix.pch */,
				CFDCD93A17B0060F00A23110 /* Default.png */,
				CFDCD93C17B0060F00A23110 /* Default@2x.png */,
				CFDCD93E17B0060F00A23110 /* Default-568h@2x.png */,
			);
			name = "Supporting Files";
			sourceTree = "<group>";
		};
/* End PBXGroup section */

/* Begin PBXNativeTarget section */
		CFDCD92417B0060E00A23110 /* Hello */ = {
			isa = PBXNativeTarget;
			buildConfigurationList = CFDCD94817B0060F00A23110 /* Build configuration list for PBXNativeTarget "Hello" */;
			buildPhases = (
				CFDCD92117B0060E00A23110 /* Sources */,
				CFDCD92217B0060E00A23110 /* Frameworks */,
				CFDCD92317B0060E00A23110 /* Resources */,
			);
			buildRules = (
			);
			dependencies = (
			);
			name = Hello;
			productName = Hello;
			productReference = CFDCD92517B0060F00A23110 /* Hello.app */;
			productType = "com.apple.product-type.application";
		};
/* End PBXNativeTarget section */

/* Begin PBXProject section */
		CFDCD91D17B0060E00A23110 /* Project object */ = {
			isa = PBXProject;
			attributes = {
				LastUpgradeCheck = 0460;
				ORGANIZATIONNAME = "Zheng Hongyi";
			};
			buildConfigurationList = CFDCD92017B0060E00A23110 /* Build configuration list for PBXProject "Hello" */;
			compatibilityVersion = "Xcode 3.2";
			developmentRegion = English;
			hasScannedForEncodings = 0;
			knownRegions = (
				en,
			);
			mainGroup = CFDCD91C17B0060E00A23110;
			productRefGroup = CFDCD92617B0060F00A23110 /* Products */;
			projectDirPath = "";
			projectRoot = "";
			targets = (
				CFDCD92417B0060E00A23110 /* Hello */,
			);
		};
/* End PBXProject section */

/* Begin PBXResourcesBuildPhase section */
		CFDCD92317B0060E00A23110 /* Resources */ = {
			isa = PBXResourcesBuildPhase;
			buildActionMask = 2147483647;
			files = (
				CFDCD93317B0060F00A23110 /* InfoPlist.strings in Resources */,
				CFDCD93B17B0060F00A23110 /* Default.png in Resources */,
				CFDCD93D17B0060F00A23110 /* Default@2x.png in Resources */,
				CFDCD93F17B0060F00A23110 /* Default-568h@2x.png in Resources */,
				CFDCD94517B0060F00A23110 /* ViewController.xib in Resources */,
			);
			runOnlyForDeploymentPostprocessing = 0;
		};
/* End PBXResourcesBuildPhase section */

/* Begin PBXSourcesBuildPhase section */
		CFDCD92117B0060E00A23110 /* Sources */ = {
			isa = PBXSourcesBuildPhase;
			buildActionMask = 2147483647;
			files = (
				CFDCD93517B0060F00A23110 /* main.m in Sources */,
				CFDCD93917B0060F00A23110 /* AppDelegate.m in Sources */,
				CFDCD94217B0060F00A23110 /* ViewController.m in Sources */,
			);
			runOnlyForDeploymentPostprocessing = 0;
		};
/* End PBXSourcesBuildPhase section */

/* Begin PBXVariantGroup section */
		CFDCD93117B0060F00A23110 /* InfoPlist.strings */ = {
			isa = PBXVariantGroup;
			children = (
				CFDCD93217B0060F00A23110 /* en */,
			);
			name = InfoPlist.strings;
			sourceTree = "<group>";
		};
		CFDCD94317B0060F00A23110 /* ViewController.xib */ = {
			isa = PBXVariantGroup;
			children = (
				CFDCD94417B0060F00A23110 /* en */,
			);
			name = ViewController.xib;
			sourceTree = "<group>";
		};
/* End PBXVariantGroup section */

/* Begin XCBuildConfiguration section */
		CFDCD94617B0060F00A23110 /* Debug */ = {
			isa = XCBuildConfiguration;
			buildSettings = {
				ALWAYS_SEARCH_USER_PATHS = NO;
				CLANG_CXX_LANGUAGE_STANDARD = "gnu++0x";
				CLANG_CXX_LIBRARY = "libc++";
				CLANG_WARN_CONSTANT_CONVERSION = YES;
				CLANG_WARN_EMPTY_BODY = YES;
				CLANG_WARN_ENUM_CONVERSION = YES;
				CLANG_WARN_INT_CONVERSION = YES;
				CLANG_WARN__DUPLICATE_METHOD_MATCH = YES;
				"CODE_SIGN_IDENTITY[sdk=iphoneos*]" = "iPhone Developer";
				COPY_PHASE_STRIP = NO;
				GCC_C_LANGUAGE_STANDARD = gnu99;
				GCC_DYNAMIC_NO_PIC = NO;
				GCC_OPTIMIZATION_LEVEL = 0;
				GCC_PREPROCESSOR_DEFINITIONS = (
					"DEBUG=1",
					"$(inherited)",
				);
				GCC_SYMBOLS_PRIVATE_EXTERN = NO;
				GCC_WARN_ABOUT_RETURN_TYPE = YES;
				GCC_WARN_UNINITIALIZED_AUTOS = YES;
				GCC_WARN_UNUSED_VARIABLE = YES;
				IPHONEOS_DEPLOYMENT_TARGET = 6.1;
				ONLY_ACTIVE_ARCH = YES;
				SDKROOT = iphoneos;
			};
			name = Debug;
		};
		CFDCD94717B0060F00A23110 /* Release */ = {
			isa = XCBuildConfiguration;
			buildSettings = {
				ALWAYS_SEARCH_USER_PATHS = NO;
				CLANG_CXX_LANGUAGE_STANDARD = "gnu++0x";
				CLANG_CXX_LIBRARY = "libc++";
				CLANG_WARN_CONSTANT_CONVERSION = YES;
				CLANG_WARN_EMPTY_BODY = YES;
				CLANG_WARN_ENUM_CONVERSION = YES;
				CLANG_WARN_INT_CONVERSION = YES;
				CLANG_WARN__DUPLICATE_METHOD_MATCH = YES;
				"CODE_SIGN_IDENTITY[sdk=iphoneos*]" = "iPhone Developer";
				COPY_PHASE_STRIP = YES;
				GCC_C_LANGUAGE_STANDARD = gnu99;
				GCC_WARN_ABOUT_RETURN_TYPE = YES;
				GCC_WARN_UNINITIALIZED_AUTOS = YES;
				GCC_WARN_UNUSED_VARIABLE = YES;
				IPHONEOS_DEPLOYMENT_TARGET = 6.1;
				OTHER_CFLAGS = "-DNS_BLOCK_ASSERTIONS=1";
				SDKROOT = iphoneos;
				VALIDATE_PRODUCT = YES;
			};
			name = Release;
		};
		CFDCD94917B0060F00A23110 /* Debug */ = {
			isa = XCBuildConfiguration;
			buildSettings = {
				GCC_PRECOMPILE_PREFIX_HEADER = YES;
				GCC_PREFIX_HEADER = "Hello/Hello-Prefix.pch";
				INFOPLIST_FILE = "Hello/Hello-Info.plist";
				IPHONEOS_DEPLOYMENT_TARGET = 5.0;
				PRODUCT_NAME = "$(TARGET_NAME)";
				WRAPPER_EXTENSION = app;
			};
			name = Debug;
		};
		CFDCD94A17B0060F00A23110 /* Release */ = {
			isa = XCBuildConfiguration;
			buildSettings = {
				GCC_PRECOMPILE_PREFIX_HEADER = YES;
				GCC_PREFIX_HEADER = "Hello/Hello-Prefix.pch";
				INFOPLIST_FILE = "Hello/Hello-Info.plist";
				IPHONEOS_DEPLOYMENT_TARGET = 5.0;
				PRODUCT_NAME = "$(TARGET_NAME)";
				WRAPPER_EXTENSION = app;
			};
			name = Release;
		};
/* End XCBuildConfiguration section */

/* Begin XCConfigurationList section */
		CFDCD92017B0060E00A23110 /* Build configuration list for PBXProject "Hello" */ = {
			isa = XCConfigurationList;
			buildConfigurations = (
				CFDCD94617B0060F00A23110 /* Debug */,
				CFDCD94717B0060F00A23110 /* Release */,
			);
			defaultConfigurationIsVisible = 0;
			defaultConfigurationName = Release;
		};
		CFDCD94817B0060F00A23110 /* Build configuration list for PBXNativeTarget "Hello" */ = {
			isa = XCConfigurationList;
			buildConfigurations = (
				CFDCD94917B0060F00A23110 /* Debug */,
				CFDCD94A17B0060F00A23110 /* Release */,
			);
			defaultConfigurationIsVisible = 0;
			defaultConfigurationName = Release;
		};
/* End XCConfigurationList section */
	};
	rootObject = CFDCD91D17B0060E00A23110 /* Project object */;
}
